
Microsoft Visual Studio Solution File, Format Version 12.00
# Visual Studio Version 17
VisualStudioVersion = 17.13.35806.99
MinimumVisualStudioVersion = 10.0.40219.1
Project("{8BC9CEB8-8B4A-11D0-8D11-00A0C91BC942}") = "Project1", "Project1\Project1.vcxproj", "{EBD81202-22A0-4CC3-A6C4-569CAC1C45F8}"
EndProject
Project("{8BC9CEB8-8B4A-11D0-8D11-00A0C91BC942}") = "Project2", "Project2\Project2.vcxproj", "{52332BB0-CD81-4F9D-846C-3AC7C5B8AAFA}"
EndProject
Project("{8BC9CEB8-8B4A-11D0-8D11-00A0C91BC942}") = "Project3", "Project3\Project3.vcxproj", "{AA2DF483-E0AD-4F32-90F8-B04C082358A8}"
EndProject
Project("{8BC9CEB8-8B4A-11D0-8D11-00A0C91BC942}") = "Project4", "Project4\Project4.vcxproj", "{8FF23547-0ABB-4539-85D3-2F93184CC6A8}"
EndProject
Project("{8BC9CEB8-8B4A-11D0-8D11-00A0C91BC942}") = "battle_system", "battle_system\battle_system.vcxproj", "{EB5EBDB2-D6F8-49B2-8918-FA4584D20DFC}"
EndProject
Project("{8BC9CEB8-8B4A-11D0-8D11-00A0C91BC942}") = "Project5", "Project5\Project5.vcxproj", "{D0BFD14C-6507-4DDA-8FC0-B95F86C78901}"
EndProject
Global
	GlobalSection(SolutionConfigurationPlatforms) = preSolution
		Debug|x64 = Debug|x64
		Debug|x86 = Debug|x86
		Release|x64 = Release|x64
		Release|x86 = Release|x86
	EndGlobalSection
	GlobalSection(ProjectConfigurationPlatforms) = postSolution
		{EBD81202-22A0-4CC3-A6C4-569CAC1C45F8}.Debug|x64.ActiveCfg = Debug|x64
		{EBD81202-22A0-4CC3-A6C4-569CAC1C45F8}.Debug|x64.Build.0 = Debug|x64
		{EBD81202-22A0-4CC3-A6C4-569CAC1C45F8}.Debug|x86.ActiveCfg = Debug|Win32
		{EBD81202-22A0-4CC3-A6C4-569CAC1C45F8}.Debug|x86.Build.0 = Debug|Win32
		{EBD81202-22A0-4CC3-A6C4-569CAC1C45F8}.Release|x64.ActiveCfg = Release|x64
		{EBD81202-22A0-4CC3-A6C4-569CAC1C45F8}.Release|x64.Build.0 = Release|x64
		{EBD81202-22A0-4CC3-A6C4-569CAC1C45F8}.Release|x86.ActiveCfg = Release|Win32
		{EBD81202-22A0-4CC3-A6C4-569CAC1C45F8}.Release|x86.Build.0 = Release|Win32
		{52332BB0-CD81-4F9D-846C-3AC7C5B8AAFA}.Debug|x64.ActiveCfg = Debug|x64
		{52332BB0-CD81-4F9D-846C-3AC7C5B8AAFA}.Debug|x64.Build.0 = Debug|x64
		{52332BB0-CD81-4F9D-846C-3AC7C5B8AAFA}.Debug|x86.ActiveCfg = Debug|Win32
		{52332BB0-CD81-4F9D-846C-3AC7C5B8AAFA}.Debug|x86.Build.0 = Debug|Win32
		{52332BB0-CD81-4F9D-846C-3AC7C5B8AAFA}.Release|x64.ActiveCfg = Release|x64
		{52332BB0-CD81-4F9D-846C-3AC7C5B8AAFA}.Release|x64.Build.0 = Release|x64
		{52332BB0-CD81-4F9D-846C-3AC7C5B8AAFA}.Release|x86.ActiveCfg = Release|Win32
		{52332BB0-CD81-4F9D-846C-3AC7C5B8AAFA}.Release|x86.Build.0 = Release|Win32
		{AA2DF483-E0AD-4F32-90F8-B04C082358A8}.Debug|x64.ActiveCfg = Debug|x64
		{AA2DF483-E0AD-4F32-90F8-B04C082358A8}.Debug|x64.Build.0 = Debug|x64
		{AA2DF483-E0AD-4F32-90F8-B04C082358A8}.Debug|x86.ActiveCfg = Debug|Win32
		{AA2DF483-E0AD-4F32-90F8-B04C082358A8}.Debug|x86.Build.0 = Debug|Win32
		{AA2DF483-E0AD-4F32-90F8-B04C082358A8}.Release|x64.ActiveCfg = Release|x64
		{AA2DF483-E0AD-4F32-90F8-B04C082358A8}.Release|x64.Build.0 = Release|x64
		{AA2DF483-E0AD-4F32-90F8-B04C082358A8}.Release|x86.ActiveCfg = Release|Win32
		{AA2DF483-E0AD-4F32-90F8-B04C082358A8}.Release|x86.Build.0 = Release|Win32
		{8FF23547-0ABB-4539-85D3-2F93184CC6A8}.Debug|x64.ActiveCfg = Debug|x64
		{8FF23547-0ABB-4539-85D3-2F93184CC6A8}.Debug|x64.Build.0 = Debug|x64
		{8FF23547-0ABB-4539-85D3-2F93184CC6A8}.Debug|x86.ActiveCfg = Debug|Win32
		{8FF23547-0ABB-4539-85D3-2F93184CC6A8}.Debug|x86.Build.0 = Debug|Win32
		{8FF23547-0ABB-4539-85D3-2F93184CC6A8}.Release|x64.ActiveCfg = Release|x64
		{8FF23547-0ABB-4539-85D3-2F93184CC6A8}.Release|x64.Build.0 = Release|x64
		{8FF23547-0ABB-4539-85D3-2F93184CC6A8}.Release|x86.ActiveCfg = Release|Win32
		{8FF23547-0ABB-4539-85D3-2F93184CC6A8}.Release|x86.Build.0 = Release|Win32
		{EB5EBDB2-D6F8-49B2-8918-FA4584D20DFC}.Debug|x64.ActiveCfg = Debug|x64
		{EB5EBDB2-D6F8-49B2-8918-FA4584D20DFC}.Debug|x64.Build.0 = Debug|x64
		{EB5EBDB2-D6F8-49B2-8918-FA4584D20DFC}.Debug|x86.ActiveCfg = Debug|Win32
		{EB5EBDB2-D6F8-49B2-8918-FA4584D20DFC}.Debug|x86.Build.0 = Debug|Win32
		{EB5EBDB2-D6F8-49B2-8918-FA4584D20DFC}.Release|x64.ActiveCfg = Release|x64
		{EB5EBDB2-D6F8-49B2-8918-FA4584D20DFC}.Release|x64.Build.0 = Release|x64
		{EB5EBDB2-D6F8-49B2-8918-FA4584D20DFC}.Release|x86.ActiveCfg = Release|Win32
		{EB5EBDB2-D6F8-49B2-8918-FA4584D20DFC}.Release|x86.Build.0 = Release|Win32
		{D0BFD14C-6507-4DDA-8FC0-B95F86C78901}.Debug|x64.ActiveCfg = Debug|x64
		{D0BFD14C-6507-4DDA-8FC0-B95F86C78901}.Debug|x64.Build.0 = Debug|x64
		{D0BFD14C-6507-4DDA-8FC0-B95F86C78901}.Debug|x86.ActiveCfg = Debug|Win32
		{D0BFD14C-6507-4DDA-8FC0-B95F86C78901}.Debug|x86.Build.0 = Debug|Win32
		{D0BFD14C-6507-4DDA-8FC0-B95F86C78901}.Release|x64.ActiveCfg = Release|x64
		{D0BFD14C-6507-4DDA-8FC0-B95F86C78901}.Release|x64.Build.0 = Release|x64
		{D0BFD14C-6507-4DDA-8FC0-B95F86C78901}.Release|x86.ActiveCfg = Release|Win32
		{D0BFD14C-6507-4DDA-8FC0-B95F86C78901}.Release|x86.Build.0 = Release|Win32
	EndGlobalSection
	GlobalSection(SolutionProperties) = preSolution
		HideSolutionNode = FALSE
	EndGlobalSection
	GlobalSection(ExtensibilityGlobals) = postSolution
		SolutionGuid = {2DEBCE37-AC80-400E-8A18-75DDFA9D2FCC}
	EndGlobalSection
EndGlobal
